// !$*UTF8*$!
{
	archiveVersion = 1;
	classes = {
	};
	objectVersion = 54;
	objects = {

/* Begin PBXBuildFile section */
		2E1D06382ED9774D0050101F /* MapWindowController.storyboard in Resources */ = {isa = PBXBuildFile; fileRef = 2E1D06372ED9774D0050101F /* MapWindowController.storyboard */; };
		2E26B77A2D05B7B80009B96B /* LocationView.swift in Sources */ = {isa = PBXBuildFile; fileRef = 2E26B7792D05B7B80009B96B /* LocationView.swift */; };
		2E26B7862D061B890009B96B /* AppGlobals.swift in Sources */ = {isa = PBXBuildFile; fileRef = 2E26B7852D061B890009B96B /* AppGlobals.swift */; };
		2E79A4FE2F4700C400120DB0 /* MessageLabel.swift in Sources */ = {isa = PBXBuildFile; fileRef = 2E79A4FD2F4700C300120DB0 /* MessageLabel.swift */; };
		2E86555B2CFC7297006064D5 /* .swiftlint.yml in Resources */ = {isa = PBXBuildFile; fileRef = 2E86555A2CFC7297006064D5 /* .swiftlint.yml */; };
		2E86555D2CFC73D9006064D5 /* swiftlint.yml in Resources */ = {isa = PBXBuildFile; fileRef = 2E86555C2CFC73D9006064D5 /* swiftlint.yml */; };
		2E9EC03B2DD90E7C00384398 /* PerseusDarkMode in Frameworks */ = {isa = PBXBuildFile; productRef = 2E9EC03A2DD90E7C00384398 /* PerseusDarkMode */; };
		2E9EC03E2DD90E8F00384398 /* ConsolePerseusLogger in Frameworks */ = {isa = PBXBuildFile; productRef = 2E9EC03D2DD90E8F00384398 /* ConsolePerseusLogger */; };
		2EA10A952CFDCB4900535E5A /* APPROBATION.md in Resources */ = {isa = PBXBuildFile; fileRef = 2EA10A942CFDCB4900535E5A /* APPROBATION.md */; };
		2EA36D022ED8396500764CF6 /* CompanionCollectionViewItem.xib in Resources */ = {isa = PBXBuildFile; fileRef = 2EA36D012ED8396500764CF6 /* CompanionCollectionViewItem.xib */; };
		2EA937D12E0064E100F06FEA /* CPLConfig.json in Resources */ = {isa = PBXBuildFile; fileRef = 2EA937D02E0063E000F06FEA /* CPLConfig.json */; };
		2EB0479E2ED75D0100D966CD /* MainMenu.xib in Resources */ = {isa = PBXBuildFile; fileRef = 2EB0479D2ED75D0100D966CD /* MainMenu.xib */; };
		2EB047A02ED75D0F00D966CD /* MainWindowController.storyboard in Resources */ = {isa = PBXBuildFile; fileRef = 2EB0479F2ED75D0F00D966CD /* MainWindowController.storyboard */; };
		2EBB4CB82ED75B6700C44504 /* LoggerWindowController.storyboard in Resources */ = {isa = PBXBuildFile; fileRef = 2EBB4CB42ED75B6700C44504 /* LoggerWindowController.storyboard */; };
		2EBB4CB92ED75B6700C44504 /* LoggerViewController.swift in Sources */ = {isa = PBXBuildFile; fileRef = 2EBB4CB52ED75B6700C44504 /* LoggerViewController.swift */; };
		2EBB4CBA2ED75B6700C44504 /* LoggerViewPresenter.swift in Sources */ = {isa = PBXBuildFile; fileRef = 2EBB4CB62ED75B6700C44504 /* LoggerViewPresenter.swift */; };
		2EBB4CBB2ED75B6700C44504 /* LoggerWindowController.swift in Sources */ = {isa = PBXBuildFile; fileRef = 2EBB4CB72ED75B6700C44504 /* LoggerWindowController.swift */; };
		2EBB4CBF2ED75B8E00C44504 /* MVPViewDelegate.swift in Sources */ = {isa = PBXBuildFile; fileRef = 2EBB4CBD2ED75B8E00C44504 /* MVPViewDelegate.swift */; };
		2EBB4CC02ED75B8E00C44504 /* MVPPresenter.swift in Sources */ = {isa = PBXBuildFile; fileRef = 2EBB4CBE2ED75B8E00C44504 /* MVPPresenter.swift */; };
		2EC1A85B2DEAEDFC001861B5 /* PerseusGeoKit in Frameworks */ = {isa = PBXBuildFile; productRef = 2EC1A85A2DEAEDFC001861B5 /* PerseusGeoKit */; };
		2ECC0F392ED9807200FD49E2 /* LocationView.xib in Resources */ = {isa = PBXBuildFile; fileRef = 2ECC0F382ED9807200FD49E2 /* LocationView.xib */; };
		2ECC35AD2D8960A00059FBCC /* MapWindowController.swift in Sources */ = {isa = PBXBuildFile; fileRef = 2ECC35AC2D8960A00059FBCC /* MapWindowController.swift */; };
		2ECC35AF2D8960AD0059FBCC /* MapViewController.swift in Sources */ = {isa = PBXBuildFile; fileRef = 2ECC35AE2D8960AD0059FBCC /* MapViewController.swift */; };
		2ECFE08B2DB3705F0083FDBE /* PGKSupportingStar.swift in Sources */ = {isa = PBXBuildFile; fileRef = 2ECFE08A2DB3705F0083FDBE /* PGKSupportingStar.swift */; };
		4B0158E629103C0D009F1803 /* DarkModeDiscoveryTests.swift in Sources */ = {isa = PBXBuildFile; fileRef = 4B0158E529103C0D009F1803 /* DarkModeDiscoveryTests.swift */; };
		4B0158ED29103C21009F1803 /* TestingAppDelegate.swift in Sources */ = {isa = PBXBuildFile; fileRef = E00F83AD288A6F99000D0A01 /* TestingAppDelegate.swift */; };
		4B26073D295DC238002813C6 /* OptionsViewController.swift in Sources */ = {isa = PBXBuildFile; fileRef = 4B26073C295DC238002813C6 /* OptionsViewController.swift */; };
		4B3A67E329658C0A0024077F /* CompanionListViewController.swift in Sources */ = {isa = PBXBuildFile; fileRef = 4B3A67E129658C0A0024077F /* CompanionListViewController.swift */; };
		4B3A67E72965932D0024077F /* CompanionCollectionViewItem.swift in Sources */ = {isa = PBXBuildFile; fileRef = 4B3A67E52965932D0024077F /* CompanionCollectionViewItem.swift */; };
		4B44EDFB294661E80084C192 /* main.yml in Resources */ = {isa = PBXBuildFile; fileRef = 4B44EDFA294661E80084C192 /* main.yml */; };
		4B6A98B6295C83E100965FAF /* OptionsWindowController.storyboard in Resources */ = {isa = PBXBuildFile; fileRef = 4B6A98B5295C83E100965FAF /* OptionsWindowController.storyboard */; };
		4B6A98BB295CAF3400965FAF /* OptionsWindowController.swift in Sources */ = {isa = PBXBuildFile; fileRef = 4B6A98B9295CAF3400965FAF /* OptionsWindowController.swift */; };
		4B6C3D2C29704130001299E6 /* ItemImageView.swift in Sources */ = {isa = PBXBuildFile; fileRef = 4B6C3D2B29704130001299E6 /* ItemImageView.swift */; };
		4B6F459C2965AD1200859528 /* CompanionViewController.swift in Sources */ = {isa = PBXBuildFile; fileRef = 4B6F459B2965AD1200859528 /* CompanionViewController.swift */; };
		4B7DD3B0297D33B700172BD4 /* CustomColors.swift in Sources */ = {isa = PBXBuildFile; fileRef = 4B7DD3AF297D33B700172BD4 /* CustomColors.swift */; };
		4B829B2729812D7F00FCE9FF /* TheMenu.swift in Sources */ = {isa = PBXBuildFile; fileRef = 4B829B2629812D7F00FCE9FF /* TheMenu.swift */; };
		E002B00F288E9A8D00E46356 /* README.md in Resources */ = {isa = PBXBuildFile; fileRef = E002B00E288E9A8D00E46356 /* README.md */; };
		E002B011288E9A9200E46356 /* LICENSE in Resources */ = {isa = PBXBuildFile; fileRef = E002B010288E9A9200E46356 /* LICENSE */; };
		E002B013288E9AAD00E46356 /* .gitignore in Resources */ = {isa = PBXBuildFile; fileRef = E002B012288E9AAD00E46356 /* .gitignore */; };
		E00F8383288A4A04000D0A01 /* MainViewController.swift in Sources */ = {isa = PBXBuildFile; fileRef = E00F8382288A4A04000D0A01 /* MainViewController.swift */; };
		E00F8385288A4A0B000D0A01 /* Assets.xcassets in Resources */ = {isa = PBXBuildFile; fileRef = E00F8384288A4A0B000D0A01 /* Assets.xcassets */; };
		E00F83AC288A4A64000D0A01 /* main.swift in Sources */ = {isa = PBXBuildFile; fileRef = E00F83AB288A4A64000D0A01 /* main.swift */; };
		E01D2D3A289A76A6009B932F /* Companion.swift in Sources */ = {isa = PBXBuildFile; fileRef = E01D2D39289A76A6009B932F /* Companion.swift */; };
		E06FED13289A86ED00538B55 /* Race.swift in Sources */ = {isa = PBXBuildFile; fileRef = E06FED12289A86ED00538B55 /* Race.swift */; };
		E06FED15289A87ED00538B55 /* companions.json in Resources */ = {isa = PBXBuildFile; fileRef = E06FED14289A87ED00538B55 /* companions.json */; };
		E0A2934C288E520000F467E8 /* MainWindowController.swift in Sources */ = {isa = PBXBuildFile; fileRef = E0A2934B288E520000F467E8 /* MainWindowController.swift */; };
		E0A29354288E70B200F467E8 /* AppDelegate.swift in Sources */ = {isa = PBXBuildFile; fileRef = E0A29353288E70B200F467E8 /* AppDelegate.swift */; };
/* End PBXBuildFile section */

/* Begin PBXContainerItemProxy section */
		4B0158E829103C0D009F1803 /* PBXContainerItemProxy */ = {
			isa = PBXContainerItemProxy;
			containerPortal = E00F8375288A4A04000D0A01 /* Project object */;
			proxyType = 1;
			remoteGlobalIDString = E00F837C288A4A04000D0A01;
			remoteInfo = DarkModeDiscovery;
		};
/* End PBXContainerItemProxy section */

/* Begin PBXFileReference section */
		2E1D06372ED9774D0050101F /* MapWindowController.storyboard */ = {isa = PBXFileReference; fileEncoding = 4; lastKnownFileType = file.storyboard; path = MapWindowController.storyboard; sourceTree = "<group>"; };
		2E26B7792D05B7B80009B96B /* LocationView.swift */ = {isa = PBXFileReference; lastKnownFileType = sourcecode.swift; path = LocationView.swift; sourceTree = "<group>"; };
		2E26B7852D061B890009B96B /* AppGlobals.swift */ = {isa = PBXFileReference; lastKnownFileType = sourcecode.swift; path = AppGlobals.swift; sourceTree = "<group>"; };
		2E79A4FD2F4700C300120DB0 /* MessageLabel.swift */ = {isa = PBXFileReference; fileEncoding = 4; lastKnownFileType = sourcecode.swift; path = MessageLabel.swift; sourceTree = "<group>"; };
		2E86555A2CFC7297006064D5 /* .swiftlint.yml */ = {isa = PBXFileReference; fileEncoding = 4; lastKnownFileType = text.yaml; path = .swiftlint.yml; sourceTree = "<group>"; };
		2E86555C2CFC73D9006064D5 /* swiftlint.yml */ = {isa = PBXFileReference; fileEncoding = 4; lastKnownFileType = text.yaml; name = swiftlint.yml; path = ../.github/workflows/swiftlint.yml; sourceTree = "<group>"; };
		2EA10A942CFDCB4900535E5A /* APPROBATION.md */ = {isa = PBXFileReference; fileEncoding = 4; lastKnownFileType = net.daringfireball.markdown; name = APPROBATION.md; path = ../APPROBATION.md; sourceTree = "<group>"; };
		2EA36D012ED8396500764CF6 /* CompanionCollectionViewItem.xib */ = {isa = PBXFileReference; fileEncoding = 4; lastKnownFileType = file.xib; path = CompanionCollectionViewItem.xib; sourceTree = "<group>"; };
		2EA937D02E0063E000F06FEA /* CPLConfig.json */ = {isa = PBXFileReference; lastKnownFileType = text.json; path = CPLConfig.json; sourceTree = "<group>"; };
		2EB0479D2ED75D0100D966CD /* MainMenu.xib */ = {isa = PBXFileReference; fileEncoding = 4; lastKnownFileType = file.xib; path = MainMenu.xib; sourceTree = "<group>"; };
		2EB0479F2ED75D0F00D966CD /* MainWindowController.storyboard */ = {isa = PBXFileReference; fileEncoding = 4; lastKnownFileType = file.storyboard; path = MainWindowController.storyboard; sourceTree = "<group>"; };
		2EBB4CB42ED75B6700C44504 /* LoggerWindowController.storyboard */ = {isa = PBXFileReference; fileEncoding = 4; lastKnownFileType = file.storyboard; path = LoggerWindowController.storyboard; sourceTree = "<group>"; };
		2EBB4CB52ED75B6700C44504 /* LoggerViewController.swift */ = {isa = PBXFileReference; fileEncoding = 4; lastKnownFileType = sourcecode.swift; path = LoggerViewController.swift; sourceTree = "<group>"; };
		2EBB4CB62ED75B6700C44504 /* LoggerViewPresenter.swift */ = {isa = PBXFileReference; fileEncoding = 4; lastKnownFileType = sourcecode.swift; path = LoggerViewPresenter.swift; sourceTree = "<group>"; };
		2EBB4CB72ED75B6700C44504 /* LoggerWindowController.swift */ = {isa = PBXFileReference; fileEncoding = 4; lastKnownFileType = sourcecode.swift; path = LoggerWindowController.swift; sourceTree = "<group>"; };
		2EBB4CBD2ED75B8E00C44504 /* MVPViewDelegate.swift */ = {isa = PBXFileReference; fileEncoding = 4; lastKnownFileType = sourcecode.swift; path = MVPViewDelegate.swift; sourceTree = "<group>"; };
		2EBB4CBE2ED75B8E00C44504 /* MVPPresenter.swift */ = {isa = PBXFileReference; fileEncoding = 4; lastKnownFileType = sourcecode.swift; path = MVPPresenter.swift; sourceTree = "<group>"; };
		2ECC0F382ED9807200FD49E2 /* LocationView.xib */ = {isa = PBXFileReference; fileEncoding = 4; lastKnownFileType = file.xib; path = LocationView.xib; sourceTree = "<group>"; };
		2ECC35AC2D8960A00059FBCC /* MapWindowController.swift */ = {isa = PBXFileReference; lastKnownFileType = sourcecode.swift; path = MapWindowController.swift; sourceTree = "<group>"; };
		2ECC35AE2D8960AD0059FBCC /* MapViewController.swift */ = {isa = PBXFileReference; lastKnownFileType = sourcecode.swift; path = MapViewController.swift; sourceTree = "<group>"; };
		2ECFE08A2DB3705F0083FDBE /* PGKSupportingStar.swift */ = {isa = PBXFileReference; lastKnownFileType = sourcecode.swift; path = PGKSupportingStar.swift; sourceTree = "<group>"; };
		2EE5FCCE2DD06D22000AC9CD /* UpdatingLocation.gpx */ = {isa = PBXFileReference; lastKnownFileType = text.xml; path = UpdatingLocation.gpx; sourceTree = "<group>"; };
		4B0158E329103C0D009F1803 /* ArkenstoneTests.xctest */ = {isa = PBXFileReference; explicitFileType = wrapper.cfbundle; includeInIndex = 0; path = ArkenstoneTests.xctest; sourceTree = BUILT_PRODUCTS_DIR; };
		4B0158E529103C0D009F1803 /* DarkModeDiscoveryTests.swift */ = {isa = PBXFileReference; lastKnownFileType = sourcecode.swift; path = DarkModeDiscoveryTests.swift; sourceTree = "<group>"; };
		4B0158E729103C0D009F1803 /* Info.plist */ = {isa = PBXFileReference; lastKnownFileType = text.plist.xml; path = Info.plist; sourceTree = "<group>"; };
		4B26073C295DC238002813C6 /* OptionsViewController.swift */ = {isa = PBXFileReference; lastKnownFileType = sourcecode.swift; path = OptionsViewController.swift; sourceTree = "<group>"; };
		4B3A67E129658C0A0024077F /* CompanionListViewController.swift */ = {isa = PBXFileReference; lastKnownFileType = sourcecode.swift; path = CompanionListViewController.swift; sourceTree = "<group>"; };
		4B3A67E52965932D0024077F /* CompanionCollectionViewItem.swift */ = {isa = PBXFileReference; lastKnownFileType = sourcecode.swift; path = CompanionCollectionViewItem.swift; sourceTree = "<group>"; };
		4B44EDFA294661E80084C192 /* main.yml */ = {isa = PBXFileReference; fileEncoding = 4; lastKnownFileType = text; name = main.yml; path = ../.github/workflows/main.yml; sourceTree = "<group>"; };
		4B55925828F7422400D38256 /* Info.plist */ = {isa = PBXFileReference; fileEncoding = 4; lastKnownFileType = text.plist.xml; path = Info.plist; sourceTree = "<group>"; };
		4B6A98B5295C83E100965FAF /* OptionsWindowController.storyboard */ = {isa = PBXFileReference; lastKnownFileType = file.storyboard; path = OptionsWindowController.storyboard; sourceTree = "<group>"; };
		4B6A98B9295CAF3400965FAF /* OptionsWindowController.swift */ = {isa = PBXFileReference; lastKnownFileType = sourcecode.swift; path = OptionsWindowController.swift; sourceTree = "<group>"; };
		4B6C3D2B29704130001299E6 /* ItemImageView.swift */ = {isa = PBXFileReference; lastKnownFileType = sourcecode.swift; path = ItemImageView.swift; sourceTree = "<group>"; };
		4B6F459B2965AD1200859528 /* CompanionViewController.swift */ = {isa = PBXFileReference; lastKnownFileType = sourcecode.swift; path = CompanionViewController.swift; sourceTree = "<group>"; };
		4B7DD3AF297D33B700172BD4 /* CustomColors.swift */ = {isa = PBXFileReference; lastKnownFileType = sourcecode.swift; path = CustomColors.swift; sourceTree = "<group>"; };
		4B829B2629812D7F00FCE9FF /* TheMenu.swift */ = {isa = PBXFileReference; lastKnownFileType = sourcecode.swift; path = TheMenu.swift; sourceTree = "<group>"; };
		E002B00E288E9A8D00E46356 /* README.md */ = {isa = PBXFileReference; fileEncoding = 4; lastKnownFileType = net.daringfireball.markdown; name = README.md; path = ../README.md; sourceTree = "<group>"; };
		E002B010288E9A9200E46356 /* LICENSE */ = {isa = PBXFileReference; fileEncoding = 4; lastKnownFileType = text; name = LICENSE; path = ../LICENSE; sourceTree = "<group>"; };
		E002B012288E9AAD00E46356 /* .gitignore */ = {isa = PBXFileReference; fileEncoding = 4; lastKnownFileType = text; name = .gitignore; path = ../.gitignore; sourceTree = "<group>"; };
		E00F837D288A4A04000D0A01 /* Arkenstone.app */ = {isa = PBXFileReference; explicitFileType = wrapper.application; includeInIndex = 0; path = Arkenstone.app; sourceTree = BUILT_PRODUCTS_DIR; };
		E00F8382288A4A04000D0A01 /* MainViewController.swift */ = {isa = PBXFileReference; lastKnownFileType = sourcecode.swift; path = MainViewController.swift; sourceTree = "<group>"; };
		E00F8384288A4A0B000D0A01 /* Assets.xcassets */ = {isa = PBXFileReference; lastKnownFileType = folder.assetcatalog; path = Assets.xcassets; sourceTree = "<group>"; };
		E00F8389288A4A0B000D0A01 /* DarkModeDiscovery.entitlements */ = {isa = PBXFileReference; lastKnownFileType = text.plist.entitlements; path = DarkModeDiscovery.entitlements; sourceTree = "<group>"; };
		E00F83AB288A4A64000D0A01 /* main.swift */ = {isa = PBXFileReference; lastKnownFileType = sourcecode.swift; path = main.swift; sourceTree = "<group>"; };
		E00F83AD288A6F99000D0A01 /* TestingAppDelegate.swift */ = {isa = PBXFileReference; lastKnownFileType = sourcecode.swift; path = TestingAppDelegate.swift; sourceTree = "<group>"; };
		E01D2D39289A76A6009B932F /* Companion.swift */ = {isa = PBXFileReference; lastKnownFileType = sourcecode.swift; path = Companion.swift; sourceTree = "<group>"; };
		E06FED12289A86ED00538B55 /* Race.swift */ = {isa = PBXFileReference; lastKnownFileType = sourcecode.swift; path = Race.swift; sourceTree = "<group>"; };
		E06FED14289A87ED00538B55 /* companions.json */ = {isa = PBXFileReference; lastKnownFileType = text.json; path = companions.json; sourceTree = "<group>"; };
		E0A2934B288E520000F467E8 /* MainWindowController.swift */ = {isa = PBXFileReference; lastKnownFileType = sourcecode.swift; path = MainWindowController.swift; sourceTree = "<group>"; };
		E0A29353288E70B200F467E8 /* AppDelegate.swift */ = {isa = PBXFileReference; lastKnownFileType = sourcecode.swift; path = AppDelegate.swift; sourceTree = "<group>"; };
/* End PBXFileReference section */

/* Begin PBXFrameworksBuildPhase section */
		4B0158E029103C0D009F1803 /* Frameworks */ = {
			isa = PBXFrameworksBuildPhase;
			buildActionMask = 2147483647;
			files = (
			);
			runOnlyForDeploymentPostprocessing = 0;
		};
		E00F837A288A4A04000D0A01 /* Frameworks */ = {
			isa = PBXFrameworksBuildPhase;
			buildActionMask = 2147483647;
			files = (
				2E9EC03E2DD90E8F00384398 /* ConsolePerseusLogger in Frameworks */,
				2E9EC03B2DD90E7C00384398 /* PerseusDarkMode in Frameworks */,
				2EC1A85B2DEAEDFC001861B5 /* PerseusGeoKit in Frameworks */,
			);
			runOnlyForDeploymentPostprocessing = 0;
		};
/* End PBXFrameworksBuildPhase section */

/* Begin PBXGroup section */
		2E1D06342ED976FE0050101F /* Map */ = {
			isa = PBXGroup;
			children = (
				2E1D06372ED9774D0050101F /* MapWindowController.storyboard */,
				2ECC35AC2D8960A00059FBCC /* MapWindowController.swift */,
				2ECC35AE2D8960AD0059FBCC /* MapViewController.swift */,
			);
			path = Map;
			sourceTree = "<group>";
		};
		2EBB4CB32ED75B6700C44504 /* Logger */ = {
			isa = PBXGroup;
			children = (
				2EBB4CB42ED75B6700C44504 /* LoggerWindowController.storyboard */,
				2EBB4CB72ED75B6700C44504 /* LoggerWindowController.swift */,
				2EBB4CB52ED75B6700C44504 /* LoggerViewController.swift */,
				2EBB4CB62ED75B6700C44504 /* LoggerViewPresenter.swift */,
			);
			path = Logger;
			sourceTree = "<group>";
		};
		2EBB4CBC2ED75B8E00C44504 /* MVPPattern */ = {
			isa = PBXGroup;
			children = (
				2EBB4CBD2ED75B8E00C44504 /* MVPViewDelegate.swift */,
				2EBB4CBE2ED75B8E00C44504 /* MVPPresenter.swift */,
			);
			path = MVPPattern;
			sourceTree = "<group>";
		};
		2EBB4CC12ED75BA500C44504 /* Components */ = {
			isa = PBXGroup;
			children = (
				2ECC0F382ED9807200FD49E2 /* LocationView.xib */,
				2E26B7792D05B7B80009B96B /* LocationView.swift */,
				2EA36D012ED8396500764CF6 /* CompanionCollectionViewItem.xib */,
				4B3A67E52965932D0024077F /* CompanionCollectionViewItem.swift */,
				4B6F459B2965AD1200859528 /* CompanionViewController.swift */,
				4B3A67E129658C0A0024077F /* CompanionListViewController.swift */,
				4B6C3D2B29704130001299E6 /* ItemImageView.swift */,
			);
			path = Components;
			sourceTree = "<group>";
		};
		2EBB4CC22ED75BBF00C44504 /* MainMenu */ = {
			isa = PBXGroup;
			children = (
				2EB0479D2ED75D0100D966CD /* MainMenu.xib */,
				4B829B2629812D7F00FCE9FF /* TheMenu.swift */,
			);
			path = MainMenu;
			sourceTree = "<group>";
		};
		2EE171B62DDD90AA00171429 /* FirstPartyCode */ = {
			isa = PBXGroup;
			children = (
				2E79A4FD2F4700C300120DB0 /* MessageLabel.swift */,
				4B7DD3AF297D33B700172BD4 /* CustomColors.swift */,
				2ECFE08A2DB3705F0083FDBE /* PGKSupportingStar.swift */,
			);
			path = FirstPartyCode;
			sourceTree = "<group>";
		};
		4B0158E429103C0D009F1803 /* DarkModeDiscoveryTests */ = {
			isa = PBXGroup;
			children = (
				4B0158EE291045D5009F1803 /* Configuration */,
				4B0158E529103C0D009F1803 /* DarkModeDiscoveryTests.swift */,
			);
			path = DarkModeDiscoveryTests;
			sourceTree = "<group>";
		};
		4B0158EE291045D5009F1803 /* Configuration */ = {
			isa = PBXGroup;
			children = (
				4B0158E729103C0D009F1803 /* Info.plist */,
				E00F83AD288A6F99000D0A01 /* TestingAppDelegate.swift */,
			);
			path = Configuration;
			sourceTree = "<group>";
		};
		4B6A98B4295C7EB800965FAF /* Options */ = {
			isa = PBXGroup;
			children = (
				4B6A98B5295C83E100965FAF /* OptionsWindowController.storyboard */,
				4B6A98B9295CAF3400965FAF /* OptionsWindowController.swift */,
				4B26073C295DC238002813C6 /* OptionsViewController.swift */,
			);
			path = Options;
			sourceTree = "<group>";
		};
		4BD028FE295EF05800E294E9 /* Main */ = {
			isa = PBXGroup;
			children = (
				2EB0479F2ED75D0F00D966CD /* MainWindowController.storyboard */,
				E0A2934B288E520000F467E8 /* MainWindowController.swift */,
				E00F8382288A4A04000D0A01 /* MainViewController.swift */,
				2EBB4CC12ED75BA500C44504 /* Components */,
			);
			path = Main;
			sourceTree = "<group>";
		};
		E00F8374288A4A04000D0A01 = {
			isa = PBXGroup;
			children = (
				E002B00E288E9A8D00E46356 /* README.md */,
				2EA10A942CFDCB4900535E5A /* APPROBATION.md */,
				E002B010288E9A9200E46356 /* LICENSE */,
				4B44EDFA294661E80084C192 /* main.yml */,
				2E86555C2CFC73D9006064D5 /* swiftlint.yml */,
				E002B012288E9AAD00E46356 /* .gitignore */,
				2E86555A2CFC7297006064D5 /* .swiftlint.yml */,
				E00F837F288A4A04000D0A01 /* DarkModeDiscovery */,
				4B0158E429103C0D009F1803 /* DarkModeDiscoveryTests */,
				E00F837E288A4A04000D0A01 /* Products */,
			);
			sourceTree = "<group>";
		};
		E00F837E288A4A04000D0A01 /* Products */ = {
			isa = PBXGroup;
			children = (
				E00F837D288A4A04000D0A01 /* Arkenstone.app */,
				4B0158E329103C0D009F1803 /* ArkenstoneTests.xctest */,
			);
			name = Products;
			sourceTree = "<group>";
		};
		E00F837F288A4A04000D0A01 /* DarkModeDiscovery */ = {
			isa = PBXGroup;
			children = (
				E00F83AB288A4A64000D0A01 /* main.swift */,
				2E26B7852D061B890009B96B /* AppGlobals.swift */,
				E0A29353288E70B200F467E8 /* AppDelegate.swift */,
				E0A29349288DB9F800F467E8 /* Configuration */,
				E0A2934A288E517800F467E8 /* DemoContent */,
			);
			path = DarkModeDiscovery;
			sourceTree = "<group>";
		};
		E0A29349288DB9F800F467E8 /* Configuration */ = {
			isa = PBXGroup;
			children = (
				2EE171B62DDD90AA00171429 /* FirstPartyCode */,
				2EBB4CBC2ED75B8E00C44504 /* MVPPattern */,
				E0A9D8B32895996100B78B21 /* Model */,
				4B55925828F7422400D38256 /* Info.plist */,
				E00F8389288A4A0B000D0A01 /* DarkModeDiscovery.entitlements */,
				E00F8384288A4A0B000D0A01 /* Assets.xcassets */,
				2EE5FCCE2DD06D22000AC9CD /* UpdatingLocation.gpx */,
				2EA937D02E0063E000F06FEA /* CPLConfig.json */,
			);
			path = Configuration;
			sourceTree = "<group>";
		};
		E0A2934A288E517800F467E8 /* DemoContent */ = {
			isa = PBXGroup;
			children = (
				2EBB4CC22ED75BBF00C44504 /* MainMenu */,
				4BD028FE295EF05800E294E9 /* Main */,
				2E1D06342ED976FE0050101F /* Map */,
				4B6A98B4295C7EB800965FAF /* Options */,
				2EBB4CB32ED75B6700C44504 /* Logger */,
			);
			path = DemoContent;
			sourceTree = "<group>";
		};
		E0A9D8B32895996100B78B21 /* Model */ = {
			isa = PBXGroup;
			children = (
				E01D2D39289A76A6009B932F /* Companion.swift */,
				E06FED12289A86ED00538B55 /* Race.swift */,
				E06FED14289A87ED00538B55 /* companions.json */,
			);
			path = Model;
			sourceTree = "<group>";
		};
/* End PBXGroup section */

/* Begin PBXNativeTarget section */
		4B0158E229103C0D009F1803 /* ArkenstoneTests */ = {
			isa = PBXNativeTarget;
			buildConfigurationList = 4B0158EA29103C0D009F1803 /* Build configuration list for PBXNativeTarget "ArkenstoneTests" */;
			buildPhases = (
				4B0158DF29103C0D009F1803 /* Sources */,
				4B0158E029103C0D009F1803 /* Frameworks */,
				4B0158E129103C0D009F1803 /* Resources */,
			);
			buildRules = (
			);
			dependencies = (
				4B0158E929103C0D009F1803 /* PBXTargetDependency */,
			);
			name = ArkenstoneTests;
			productName = DarkModeDiscoveryTests;
			productReference = 4B0158E329103C0D009F1803 /* ArkenstoneTests.xctest */;
			productType = "com.apple.product-type.bundle.unit-test";
		};
		E00F837C288A4A04000D0A01 /* Arkenstone */ = {
			isa = PBXNativeTarget;
			buildConfigurationList = E00F83A2288A4A0C000D0A01 /* Build configuration list for PBXNativeTarget "Arkenstone" */;
			buildPhases = (
				E00F8379288A4A04000D0A01 /* Sources */,
				E00F837A288A4A04000D0A01 /* Frameworks */,
				E00F837B288A4A04000D0A01 /* Resources */,
				4B2E7F6828FB3850003F9B6B /* ShellScript */,
			);
			buildRules = (
			);
			dependencies = (
			);
			name = Arkenstone;
			packageProductDependencies = (
				2E9EC03A2DD90E7C00384398 /* PerseusDarkMode */,
				2E9EC03D2DD90E8F00384398 /* ConsolePerseusLogger */,
				2EC1A85A2DEAEDFC001861B5 /* PerseusGeoKit */,
			);
			productName = DarkModeDiscovery;
			productReference = E00F837D288A4A04000D0A01 /* Arkenstone.app */;
			productType = "com.apple.product-type.application";
		};
/* End PBXNativeTarget section */

/* Begin PBXProject section */
		E00F8375288A4A04000D0A01 /* Project object */ = {
			isa = PBXProject;
			attributes = {
				LastSwiftUpdateCheck = 1010;
				LastUpgradeCheck = 1420;
				ORGANIZATIONNAME = PerseusRealDeal;
				TargetAttributes = {
					4B0158E229103C0D009F1803 = {
						CreatedOnToolsVersion = 10.1;
						TestTargetID = E00F837C288A4A04000D0A01;
					};
					E00F837C288A4A04000D0A01 = {
						CreatedOnToolsVersion = 14.0;
						LastSwiftMigration = 1340;
					};
				};
			};
			buildConfigurationList = E00F8378288A4A04000D0A01 /* Build configuration list for PBXProject "Arkenstone" */;
			compatibilityVersion = "Xcode 12.0";
			developmentRegion = en;
			hasScannedForEncodings = 0;
			knownRegions = (
				en,
				Base,
			);
			mainGroup = E00F8374288A4A04000D0A01;
			packageReferences = (
				2E9EC0392DD90E7C00384398 /* XCRemoteSwiftPackageReference "PerseusDarkMode" */,
				2E9EC03C2DD90E8F00384398 /* XCRemoteSwiftPackageReference "ConsolePerseusLogger" */,
				2EC1A8592DEAEDFC001861B5 /* XCRemoteSwiftPackageReference "PerseusGeoKit" */,
			);
			productRefGroup = E00F837E288A4A04000D0A01 /* Products */;
			projectDirPath = "";
			projectRoot = "";
			targets = (
				E00F837C288A4A04000D0A01 /* Arkenstone */,
				4B0158E229103C0D009F1803 /* ArkenstoneTests */,
			);
		};
/* End PBXProject section */

/* Begin PBXResourcesBuildPhase section */
		4B0158E129103C0D009F1803 /* Resources */ = {
			isa = PBXResourcesBuildPhase;
			buildActionMask = 2147483647;
			files = (
			);
			runOnlyForDeploymentPostprocessing = 0;
		};
		E00F837B288A4A04000D0A01 /* Resources */ = {
			isa = PBXResourcesBuildPhase;
			buildActionMask = 2147483647;
			files = (
				2EA937D12E0064E100F06FEA /* CPLConfig.json in Resources */,
				2E86555B2CFC7297006064D5 /* .swiftlint.yml in Resources */,
				2E86555D2CFC73D9006064D5 /* swiftlint.yml in Resources */,
				E002B011288E9A9200E46356 /* LICENSE in Resources */,
				E002B013288E9AAD00E46356 /* .gitignore in Resources */,
				4B6A98B6295C83E100965FAF /* OptionsWindowController.storyboard in Resources */,
				2EB0479E2ED75D0100D966CD /* MainMenu.xib in Resources */,
				2ECC0F392ED9807200FD49E2 /* LocationView.xib in Resources */,
				2EA10A952CFDCB4900535E5A /* APPROBATION.md in Resources */,
				E00F8385288A4A0B000D0A01 /* Assets.xcassets in Resources */,
				E002B00F288E9A8D00E46356 /* README.md in Resources */,
				2E1D06382ED9774D0050101F /* MapWindowController.storyboard in Resources */,
				2EBB4CB82ED75B6700C44504 /* LoggerWindowController.storyboard in Resources */,
				2EB047A02ED75D0F00D966CD /* MainWindowController.storyboard in Resources */,
				2EA36D022ED8396500764CF6 /* CompanionCollectionViewItem.xib in Resources */,
				4B44EDFB294661E80084C192 /* main.yml in Resources */,
				E06FED15289A87ED00538B55 /* companions.json in Resources */,
			);
			runOnlyForDeploymentPostprocessing = 0;
		};
/* End PBXResourcesBuildPhase section */

/* Begin PBXShellScriptBuildPhase section */
		4B2E7F6828FB3850003F9B6B /* ShellScript */ = {
			isa = PBXShellScriptBuildPhase;
			alwaysOutOfDate = 1;
			buildActionMask = 2147483647;
			files = (
			);
			inputFileListPaths = (
			);
			inputPaths = (
			);
			outputFileListPaths = (
			);
			outputPaths = (
			);
			runOnlyForDeploymentPostprocessing = 0;
			shellPath = /bin/sh;
			shellScript = "if [ \"${CONFIGURATION}\" = \"Debug\" ]; then\nif which swiftlint >/dev/null; then\nswiftlint --config \"$SRCROOT/.swiftlint.yml\"\nelse\necho \"warning: SwiftLint not installed, download from https://github.com/realm/SwiftLint\"\nexit 1\nfi\nfi\n";
		};
/* End PBXShellScriptBuildPhase section */

/* Begin PBXSourcesBuildPhase section */
		4B0158DF29103C0D009F1803 /* Sources */ = {
			isa = PBXSourcesBuildPhase;
			buildActionMask = 2147483647;
			files = (
				4B0158E629103C0D009F1803 /* DarkModeDiscoveryTests.swift in Sources */,
				4B0158ED29103C21009F1803 /* TestingAppDelegate.swift in Sources */,
			);
			runOnlyForDeploymentPostprocessing = 0;
		};
		E00F8379288A4A04000D0A01 /* Sources */ = {
			isa = PBXSourcesBuildPhase;
			buildActionMask = 2147483647;
			files = (
				2E26B7862D061B890009B96B /* AppGlobals.swift in Sources */,
				2EBB4CBF2ED75B8E00C44504 /* MVPViewDelegate.swift in Sources */,
				2EBB4CBA2ED75B6700C44504 /* LoggerViewPresenter.swift in Sources */,
				E06FED13289A86ED00538B55 /* Race.swift in Sources */,
				2EBB4CC02ED75B8E00C44504 /* MVPPresenter.swift in Sources */,
				2E79A4FE2F4700C400120DB0 /* MessageLabel.swift in Sources */,
				E01D2D3A289A76A6009B932F /* Companion.swift in Sources */,
				2EBB4CBB2ED75B6700C44504 /* LoggerWindowController.swift in Sources */,
				4B6A98BB295CAF3400965FAF /* OptionsWindowController.swift in Sources */,
				4B6C3D2C29704130001299E6 /* ItemImageView.swift in Sources */,
				E00F8383288A4A04000D0A01 /* MainViewController.swift in Sources */,
				2ECFE08B2DB3705F0083FDBE /* PGKSupportingStar.swift in Sources */,
				2ECC35AD2D8960A00059FBCC /* MapWindowController.swift in Sources */,
				4B3A67E72965932D0024077F /* CompanionCollectionViewItem.swift in Sources */,
				2EBB4CB92ED75B6700C44504 /* LoggerViewController.swift in Sources */,
				E00F83AC288A4A64000D0A01 /* main.swift in Sources */,
				2E26B77A2D05B7B80009B96B /* LocationView.swift in Sources */,
				4B7DD3B0297D33B700172BD4 /* CustomColors.swift in Sources */,
				2ECC35AF2D8960AD0059FBCC /* MapViewController.swift in Sources */,
				4B26073D295DC238002813C6 /* OptionsViewController.swift in Sources */,
				4B6F459C2965AD1200859528 /* CompanionViewController.swift in Sources */,
				E0A29354288E70B200F467E8 /* AppDelegate.swift in Sources */,
				E0A2934C288E520000F467E8 /* MainWindowController.swift in Sources */,
				4B829B2729812D7F00FCE9FF /* TheMenu.swift in Sources */,
				4B3A67E329658C0A0024077F /* CompanionListViewController.swift in Sources */,
			);
			runOnlyForDeploymentPostprocessing = 0;
		};
/* End PBXSourcesBuildPhase section */

/* Begin PBXTargetDependency section */
		4B0158E929103C0D009F1803 /* PBXTargetDependency */ = {
			isa = PBXTargetDependency;
			target = E00F837C288A4A04000D0A01 /* Arkenstone */;
			targetProxy = 4B0158E829103C0D009F1803 /* PBXContainerItemProxy */;
		};
/* End PBXTargetDependency section */

/* Begin XCBuildConfiguration section */
		4B0158EB29103C0D009F1803 /* Debug */ = {
			isa = XCBuildConfiguration;
			buildSettings = {
				ALWAYS_EMBED_SWIFT_STANDARD_LIBRARIES = YES;
				BUNDLE_LOADER = "$(TEST_HOST)";
				CLANG_CXX_LANGUAGE_STANDARD = "gnu++14";
				CLANG_CXX_LIBRARY = "libc++";
				CODE_SIGN_IDENTITY = "-";
				CODE_SIGN_STYLE = Automatic;
				COMBINE_HIDPI_IMAGES = YES;
				DEAD_CODE_STRIPPING = YES;
				INFOPLIST_FILE = DarkModeDiscoveryTests/Configuration/Info.plist;
				LD_RUNPATH_SEARCH_PATHS = (
					"$(inherited)",
					"@executable_path/../Frameworks",
					"@loader_path/../Frameworks",
				);
				MACOSX_DEPLOYMENT_TARGET = 11.0;
				PRODUCT_BUNDLE_IDENTIFIER = com.perseus.DarkModeDiscoveryTests;
				PRODUCT_NAME = "$(TARGET_NAME)";
				SWIFT_VERSION = 5.0;
				TEST_HOST = "$(BUILT_PRODUCTS_DIR)/Arkenstone.app/Contents/MacOS/Arkenstone";
			};
			name = Debug;
		};
		4B0158EC29103C0D009F1803 /* Release */ = {
			isa = XCBuildConfiguration;
			buildSettings = {
				ALWAYS_EMBED_SWIFT_STANDARD_LIBRARIES = YES;
				BUNDLE_LOADER = "$(TEST_HOST)";
				CLANG_CXX_LANGUAGE_STANDARD = "gnu++14";
				CLANG_CXX_LIBRARY = "libc++";
				CODE_SIGN_IDENTITY = "-";
				CODE_SIGN_STYLE = Automatic;
				COMBINE_HIDPI_IMAGES = YES;
				DEAD_CODE_STRIPPING = YES;
				INFOPLIST_FILE = DarkModeDiscoveryTests/Configuration/Info.plist;
				LD_RUNPATH_SEARCH_PATHS = (
					"$(inherited)",
					"@executable_path/../Frameworks",
					"@loader_path/../Frameworks",
				);
				MACOSX_DEPLOYMENT_TARGET = 11.0;
				PRODUCT_BUNDLE_IDENTIFIER = com.perseus.DarkModeDiscoveryTests;
				PRODUCT_NAME = "$(TARGET_NAME)";
				SWIFT_VERSION = 5.0;
				TEST_HOST = "$(BUILT_PRODUCTS_DIR)/Arkenstone.app/Contents/MacOS/Arkenstone";
			};
			name = Release;
		};
		E00F83A0288A4A0C000D0A01 /* Debug */ = {
			isa = XCBuildConfiguration;
			buildSettings = {
				ALWAYS_SEARCH_USER_PATHS = NO;
				CLANG_ANALYZER_NONNULL = YES;
				CLANG_ANALYZER_NUMBER_OBJECT_CONVERSION = YES_AGGRESSIVE;
				CLANG_CXX_LANGUAGE_STANDARD = "gnu++17";
				CLANG_ENABLE_MODULES = YES;
				CLANG_ENABLE_OBJC_ARC = YES;
				CLANG_ENABLE_OBJC_WEAK = YES;
				CLANG_WARN_BLOCK_CAPTURE_AUTORELEASING = YES;
				CLANG_WARN_BOOL_CONVERSION = YES;
				CLANG_WARN_COMMA = YES;
				CLANG_WARN_CONSTANT_CONVERSION = YES;
				CLANG_WARN_DEPRECATED_OBJC_IMPLEMENTATIONS = YES;
				CLANG_WARN_DIRECT_OBJC_ISA_USAGE = YES_ERROR;
				CLANG_WARN_DOCUMENTATION_COMMENTS = YES;
				CLANG_WARN_EMPTY_BODY = YES;
				CLANG_WARN_ENUM_CONVERSION = YES;
				CLANG_WARN_INFINITE_RECURSION = YES;
				CLANG_WARN_INT_CONVERSION = YES;
				CLANG_WARN_NON_LITERAL_NULL_CONVERSION = YES;
				CLANG_WARN_OBJC_IMPLICIT_RETAIN_SELF = YES;
				CLANG_WARN_OBJC_LITERAL_CONVERSION = YES;
				CLANG_WARN_OBJC_ROOT_CLASS = YES_ERROR;
				CLANG_WARN_QUOTED_INCLUDE_IN_FRAMEWORK_HEADER = YES;
				CLANG_WARN_RANGE_LOOP_ANALYSIS = YES;
				CLANG_WARN_STRICT_PROTOTYPES = YES;
				CLANG_WARN_SUSPICIOUS_MOVE = YES;
				CLANG_WARN_UNGUARDED_AVAILABILITY = YES_AGGRESSIVE;
				CLANG_WARN_UNREACHABLE_CODE = YES;
				CLANG_WARN__DUPLICATE_METHOD_MATCH = YES;
				CODE_SIGN_IDENTITY = "-";
				COPY_PHASE_STRIP = NO;
				DEAD_CODE_STRIPPING = YES;
				DEBUG_INFORMATION_FORMAT = dwarf;
				DEVELOPMENT_TEAM = 6DRVN4F88C;
				ENABLE_STRICT_OBJC_MSGSEND = YES;
				ENABLE_TESTABILITY = YES;
				GCC_C_LANGUAGE_STANDARD = gnu11;
				GCC_DYNAMIC_NO_PIC = NO;
				GCC_NO_COMMON_BLOCKS = YES;
				GCC_OPTIMIZATION_LEVEL = 0;
				GCC_PREPROCESSOR_DEFINITIONS = (
					"DEBUG=1",
					"$(inherited)",
				);
				GCC_WARN_64_TO_32_BIT_CONVERSION = YES;
				GCC_WARN_ABOUT_RETURN_TYPE = YES_ERROR;
				GCC_WARN_UNDECLARED_SELECTOR = YES;
				GCC_WARN_UNINITIALIZED_AUTOS = YES_AGGRESSIVE;
				GCC_WARN_UNUSED_FUNCTION = YES;
				GCC_WARN_UNUSED_VARIABLE = YES;
				MACOSX_DEPLOYMENT_TARGET = 10.11;
				MTL_ENABLE_DEBUG_INFO = INCLUDE_SOURCE;
				MTL_FAST_MATH = YES;
				ONLY_ACTIVE_ARCH = YES;
				SDKROOT = macosx;
				SWIFT_ACTIVE_COMPILATION_CONDITIONS = DEBUG;
				SWIFT_OPTIMIZATION_LEVEL = "-Onone";
				SWIFT_VERSION = 5.0;
			};
			name = Debug;
		};
		E00F83A1288A4A0C000D0A01 /* Release */ = {
			isa = XCBuildConfiguration;
			buildSettings = {
				ALWAYS_SEARCH_USER_PATHS = NO;
				CLANG_ANALYZER_NONNULL = YES;
				CLANG_ANALYZER_NUMBER_OBJECT_CONVERSION = YES_AGGRESSIVE;
				CLANG_CXX_LANGUAGE_STANDARD = "gnu++17";
				CLANG_ENABLE_MODULES = YES;
				CLANG_ENABLE_OBJC_ARC = YES;
				CLANG_ENABLE_OBJC_WEAK = YES;
				CLANG_WARN_BLOCK_CAPTURE_AUTORELEASING = YES;
				CLANG_WARN_BOOL_CONVERSION = YES;
				CLANG_WARN_COMMA = YES;
				CLANG_WARN_CONSTANT_CONVERSION = YES;
				CLANG_WARN_DEPRECATED_OBJC_IMPLEMENTATIONS = YES;
				CLANG_WARN_DIRECT_OBJC_ISA_USAGE = YES_ERROR;
				CLANG_WARN_DOCUMENTATION_COMMENTS = YES;
				CLANG_WARN_EMPTY_BODY = YES;
				CLANG_WARN_ENUM_CONVERSION = YES;
				CLANG_WARN_INFINITE_RECURSION = YES;
				CLANG_WARN_INT_CONVERSION = YES;
				CLANG_WARN_NON_LITERAL_NULL_CONVERSION = YES;
				CLANG_WARN_OBJC_IMPLICIT_RETAIN_SELF = YES;
				CLANG_WARN_OBJC_LITERAL_CONVERSION = YES;
				CLANG_WARN_OBJC_ROOT_CLASS = YES_ERROR;
				CLANG_WARN_QUOTED_INCLUDE_IN_FRAMEWORK_HEADER = YES;
				CLANG_WARN_RANGE_LOOP_ANALYSIS = YES;
				CLANG_WARN_STRICT_PROTOTYPES = YES;
				CLANG_WARN_SUSPICIOUS_MOVE = YES;
				CLANG_WARN_UNGUARDED_AVAILABILITY = YES_AGGRESSIVE;
				CLANG_WARN_UNREACHABLE_CODE = YES;
				CLANG_WARN__DUPLICATE_METHOD_MATCH = YES;
				CODE_SIGN_IDENTITY = "-";
				COPY_PHASE_STRIP = NO;
				DEAD_CODE_STRIPPING = YES;
				DEBUG_INFORMATION_FORMAT = "dwarf-with-dsym";
				DEVELOPMENT_TEAM = 6DRVN4F88C;
				ENABLE_NS_ASSERTIONS = NO;
				ENABLE_STRICT_OBJC_MSGSEND = YES;
				GCC_C_LANGUAGE_STANDARD = gnu11;
				GCC_NO_COMMON_BLOCKS = YES;
				GCC_WARN_64_TO_32_BIT_CONVERSION = YES;
				GCC_WARN_ABOUT_RETURN_TYPE = YES_ERROR;
				GCC_WARN_UNDECLARED_SELECTOR = YES;
				GCC_WARN_UNINITIALIZED_AUTOS = YES_AGGRESSIVE;
				GCC_WARN_UNUSED_FUNCTION = YES;
				GCC_WARN_UNUSED_VARIABLE = YES;
				MACOSX_DEPLOYMENT_TARGET = 10.11;
				MTL_ENABLE_DEBUG_INFO = NO;
				MTL_FAST_MATH = YES;
				SDKROOT = macosx;
				SWIFT_COMPILATION_MODE = wholemodule;
				SWIFT_OPTIMIZATION_LEVEL = "-O";
				SWIFT_VERSION = 5.0;
			};
			name = Release;
		};
		E00F83A3288A4A0C000D0A01 /* Debug */ = {
			isa = XCBuildConfiguration;
			buildSettings = {
				ASSETCATALOG_COMPILER_APPICON_NAME = AppIcon;
				ASSETCATALOG_COMPILER_INCLUDE_ALL_APPICON_ASSETS = YES;
				CODE_SIGN_ENTITLEMENTS = DarkModeDiscovery/Configuration/DarkModeDiscovery.entitlements;
				CODE_SIGN_IDENTITY = "-";
				CODE_SIGN_STYLE = Automatic;
				COMBINE_HIDPI_IMAGES = YES;
				DEAD_CODE_STRIPPING = YES;
				ENABLE_HARDENED_RUNTIME = NO;
				INFOPLIST_FILE = "$(SRCROOT)/DarkModeDiscovery/Configuration/Info.plist";
				LD_RUNPATH_SEARCH_PATHS = (
					"$(inherited)",
					"@executable_path/../Frameworks",
				);
				MACOSX_DEPLOYMENT_TARGET = 10.13;
				PRODUCT_BUNDLE_IDENTIFIER = com.perseus.lab.macos.DarkModeDiscovery;
				PRODUCT_MODULE_NAME = "$(TARGET_NAME)";
				PRODUCT_NAME = Arkenstone;
				PROVISIONING_PROFILE_SPECIFIER = "";
				SWIFT_VERSION = 5.0;
			};
			name = Debug;
		};
		E00F83A4288A4A0C000D0A01 /* Release */ = {
			isa = XCBuildConfiguration;
			buildSettings = {
				ASSETCATALOG_COMPILER_APPICON_NAME = AppIcon;
				ASSETCATALOG_COMPILER_INCLUDE_ALL_APPICON_ASSETS = YES;
				CODE_SIGN_ENTITLEMENTS = DarkModeDiscovery/Configuration/DarkModeDiscovery.entitlements;
				CODE_SIGN_IDENTITY = "-";
				CODE_SIGN_STYLE = Automatic;
				COMBINE_HIDPI_IMAGES = YES;
				DEAD_CODE_STRIPPING = YES;
				ENABLE_HARDENED_RUNTIME = NO;
				ENABLE_TESTABILITY = YES;
				INFOPLIST_FILE = "$(SRCROOT)/DarkModeDiscovery/Configuration/Info.plist";
				LD_RUNPATH_SEARCH_PATHS = (
					"$(inherited)",
					"@executable_path/../Frameworks",
				);
				MACOSX_DEPLOYMENT_TARGET = 10.13;
				PRODUCT_BUNDLE_IDENTIFIER = com.perseus.lab.macos.DarkModeDiscovery;
				PRODUCT_MODULE_NAME = "$(TARGET_NAME)";
				PRODUCT_NAME = Arkenstone;
				PROVISIONING_PROFILE_SPECIFIER = "";
				SWIFT_VERSION = 5.0;
			};
			name = Release;
		};
/* End XCBuildConfiguration section */

/* Begin XCConfigurationList section */
		4B0158EA29103C0D009F1803 /* Build configuration list for PBXNativeTarget "ArkenstoneTests" */ = {
			isa = XCConfigurationList;
			buildConfigurations = (
				4B0158EB29103C0D009F1803 /* Debug */,
				4B0158EC29103C0D009F1803 /* Release */,
			);
			defaultConfigurationIsVisible = 0;
			defaultConfigurationName = Release;
		};
		E00F8378288A4A04000D0A01 /* Build configuration list for PBXProject "Arkenstone" */ = {
			isa = XCConfigurationList;
			buildConfigurations = (
				E00F83A0288A4A0C000D0A01 /* Debug */,
				E00F83A1288A4A0C000D0A01 /* Release */,
			);
			defaultConfigurationIsVisible = 0;
			defaultConfigurationName = Release;
		};
		E00F83A2288A4A0C000D0A01 /* Build configuration list for PBXNativeTarget "Arkenstone" */ = {
			isa = XCConfigurationList;
			buildConfigurations = (
				E00F83A3288A4A0C000D0A01 /* Debug */,
				E00F83A4288A4A0C000D0A01 /* Release */,
			);
			defaultConfigurationIsVisible = 0;
			defaultConfigurationName = Release;
		};
/* End XCConfigurationList section */

/* Begin XCRemoteSwiftPackageReference section */
		2E9EC0392DD90E7C00384398 /* XCRemoteSwiftPackageReference "PerseusDarkMode" */ = {
			isa = XCRemoteSwiftPackageReference;
			repositoryURL = "https://github.com/perseusrealdeal/PerseusDarkMode";
			requirement = {
				branch = prepare/v2.2.0;
				kind = branch;
			};
		};
		2E9EC03C2DD90E8F00384398 /* XCRemoteSwiftPackageReference "ConsolePerseusLogger" */ = {
			isa = XCRemoteSwiftPackageReference;
			repositoryURL = "https://github.com/perseusrealdeal/ConsolePerseusLogger";
			requirement = {
				kind = exactVersion;
				version = 1.7.0;
			};
		};
		2EC1A8592DEAEDFC001861B5 /* XCRemoteSwiftPackageReference "PerseusGeoKit" */ = {
			isa = XCRemoteSwiftPackageReference;
			repositoryURL = "https://github.com/perseusrealdeal/PerseusGeoKit/";
			requirement = {
				branch = prepare/v1.2.0;
				kind = branch;
			};
		};
/* End XCRemoteSwiftPackageReference section */

/* Begin XCSwiftPackageProductDependency section */
		2E9EC03A2DD90E7C00384398 /* PerseusDarkMode */ = {
			isa = XCSwiftPackageProductDependency;
			package = 2E9EC0392DD90E7C00384398 /* XCRemoteSwiftPackageReference "PerseusDarkMode" */;
			productName = PerseusDarkMode;
		};
		2E9EC03D2DD90E8F00384398 /* ConsolePerseusLogger */ = {
			isa = XCSwiftPackageProductDependency;
			package = 2E9EC03C2DD90E8F00384398 /* XCRemoteSwiftPackageReference "ConsolePerseusLogger" */;
			productName = ConsolePerseusLogger;
		};
		2EC1A85A2DEAEDFC001861B5 /* PerseusGeoKit */ = {
			isa = XCSwiftPackageProductDependency;
			package = 2EC1A8592DEAEDFC001861B5 /* XCRemoteSwiftPackageReference "PerseusGeoKit" */;
			productName = PerseusGeoKit;
		};
/* End XCSwiftPackageProductDependency section */
	};
	rootObject = E00F8375288A4A04000D0A01 /* Project object */;
}
